
Microsoft Visual Studio Solution File, Format Version 12.00
# Visual Studio 15
VisualStudioVersion = 15.0.28307.168
MinimumVisualStudioVersion = 10.0.40219.1
Project("{9A19103F-16F7-4668-BE54-9A1E7A4F7556}") = "Collections", "Collections\Collections.csproj", "{15CDBF33-9870-4F6F-AF98-0AFA7018A0BC}"
EndProject
Project("{FAE04EC0-301F-11D3-BF4B-00C04F79EFBC}") = "CollectionsTests", "CollectionsTests\CollectionsTests.csproj", "{3543FB69-CB38-4A2F-9E9D-9489B9827B1A}"
EndProject
Global
	GlobalSection(SolutionConfigurationPlatforms) = preSolution
		Debug|Any CPU = Debug|Any CPU
		Release|Any CPU = Release|Any CPU
	EndGlobalSection
	GlobalSection(ProjectConfigurationPlatforms) = postSolution
		{15CDBF33-9870-4F6F-AF98-0AFA7018A0BC}.Debug|Any CPU.ActiveCfg = Debug|Any CPU
		{15CDBF33-9870-4F6F-AF98-0AFA7018A0BC}.Debug|Any CPU.Build.0 = Debug|Any CPU
		{15CDBF33-9870-4F6F-AF98-0AFA7018A0BC}.Release|Any CPU.ActiveCfg = Release|Any CPU
		{15CDBF33-9870-4F6F-AF98-0AFA7018A0BC}.Release|Any CPU.Build.0 = Release|Any CPU
		{3543FB69-CB38-4A2F-9E9D-9489B9827B1A}.Debug|Any CPU.ActiveCfg = Debug|Any CPU
		{3543FB69-CB38-4A2F-9E9D-9489B9827B1A}.Debug|Any CPU.Build.0 = Debug|Any CPU
		{3543FB69-CB38-4A2F-9E9D-9489B9827B1A}.Release|Any CPU.ActiveCfg = Release|Any CPU
		{3543FB69-CB38-4A2F-9E9D-9489B9827B1A}.Release|Any CPU.Build.0 = Release|Any CPU
	EndGlobalSection
	GlobalSection(SolutionProperties) = preSolution
		HideSolutionNode = FALSE
	EndGlobalSection
	GlobalSection(ExtensibilityGlobals) = postSolution
		SolutionGuid = {3C3EE333-ADD2-46FD-BF7D-D42DA7F14DC5}
	EndGlobalSection
EndGlobal
