
Microsoft Visual Studio Solution File, Format Version 12.00
# Visual Studio 15
VisualStudioVersion = 15.0.28307.168
MinimumVisualStudioVersion = 10.0.40219.1
Project("{FAE04EC0-301F-11D3-BF4B-00C04F79EFBC}") = "Lab03-SYSTEMIO", "Lab03-SYSTEMIO\Lab03-SYSTEMIO.csproj", "{C586A547-C15A-4940-AB2A-E5B7712AA3D8}"
EndProject
Project("{FAE04EC0-301F-11D3-BF4B-00C04F79EFBC}") = "UnitTest1", "UnitTest1\UnitTest1.csproj", "{BE5BE5FB-AE16-470E-BA8A-8E3A3A3CCE08}"
EndProject
Global
	GlobalSection(SolutionConfigurationPlatforms) = preSolution
		Debug|Any CPU = Debug|Any CPU
		Release|Any CPU = Release|Any CPU
	EndGlobalSection
	GlobalSection(ProjectConfigurationPlatforms) = postSolution
		{C586A547-C15A-4940-AB2A-E5B7712AA3D8}.Debug|Any CPU.ActiveCfg = Debug|Any CPU
		{C586A547-C15A-4940-AB2A-E5B7712AA3D8}.Debug|Any CPU.Build.0 = Debug|Any CPU
		{C586A547-C15A-4940-AB2A-E5B7712AA3D8}.Release|Any CPU.ActiveCfg = Release|Any CPU
		{C586A547-C15A-4940-AB2A-E5B7712AA3D8}.Release|Any CPU.Build.0 = Release|Any CPU
		{BE5BE5FB-AE16-470E-BA8A-8E3A3A3CCE08}.Debug|Any CPU.ActiveCfg = Debug|Any CPU
		{BE5BE5FB-AE16-470E-BA8A-8E3A3A3CCE08}.Debug|Any CPU.Build.0 = Debug|Any CPU
		{BE5BE5FB-AE16-470E-BA8A-8E3A3A3CCE08}.Release|Any CPU.ActiveCfg = Release|Any CPU
		{BE5BE5FB-AE16-470E-BA8A-8E3A3A3CCE08}.Release|Any CPU.Build.0 = Release|Any CPU
	EndGlobalSection
	GlobalSection(SolutionProperties) = preSolution
		HideSolutionNode = FALSE
	EndGlobalSection
	GlobalSection(ExtensibilityGlobals) = postSolution
		SolutionGuid = {63E396EA-E86A-4C83-8B75-048CE19DC9E4}
	EndGlobalSection
EndGlobal
